
Microsoft Visual Studio Solution File, Format Version 12.00
# Visual Studio Version 16
VisualStudioVersion = 16.0.33328.57
MinimumVisualStudioVersion = 10.0.40219.1
Project("{FAE04EC0-301F-11D3-BF4B-00C04F79EFBC}") = "Method", "Method\Method.csproj", "{17157A5B-D9AF-42A8-AC05-259959B11535}"
EndProject
Global
	GlobalSection(SolutionConfigurationPlatforms) = preSolution
		Debug|Any CPU = Debug|Any CPU
		Release|Any CPU = Release|Any CPU
	EndGlobalSection
	GlobalSection(ProjectConfigurationPlatforms) = postSolution
		{17157A5B-D9AF-42A8-AC05-259959B11535}.Debug|Any CPU.ActiveCfg = Debug|Any CPU
		{17157A5B-D9AF-42A8-AC05-259959B11535}.Debug|Any CPU.Build.0 = Debug|Any CPU
		{17157A5B-D9AF-42A8-AC05-259959B11535}.Release|Any CPU.ActiveCfg = Release|Any CPU
		{17157A5B-D9AF-42A8-AC05-259959B11535}.Release|Any CPU.Build.0 = Release|Any CPU
	EndGlobalSection
	GlobalSection(SolutionProperties) = preSolution
		HideSolutionNode = FALSE
	EndGlobalSection
	GlobalSection(ExtensibilityGlobals) = postSolution
		SolutionGuid = {5ED7EEFB-E3A2-44DF-9798-CA12E4032A09}
	EndGlobalSection
EndGlobal
